
Microsoft Visual Studio Solution File, Format Version 12.00
# Visual Studio Version 16
VisualStudioVersion = 16.0.31205.134
MinimumVisualStudioVersion = 10.0.40219.1
Project("{FAE04EC0-301F-11D3-BF4B-00C04F79EFBC}") = "Class_Review", "Class_Review\Class_Review.csproj", "{79E259E0-F313-45D9-8917-FA1A02711ECE}"
EndProject
Global
	GlobalSection(SolutionConfigurationPlatforms) = preSolution
		Debug|Any CPU = Debug|Any CPU
		Release|Any CPU = Release|Any CPU
	EndGlobalSection
	GlobalSection(ProjectConfigurationPlatforms) = postSolution
		{79E259E0-F313-45D9-8917-FA1A02711ECE}.Debug|Any CPU.ActiveCfg = Debug|Any CPU
		{79E259E0-F313-45D9-8917-FA1A02711ECE}.Debug|Any CPU.Build.0 = Debug|Any CPU
		{79E259E0-F313-45D9-8917-FA1A02711ECE}.Release|Any CPU.ActiveCfg = Release|Any CPU
		{79E259E0-F313-45D9-8917-FA1A02711ECE}.Release|Any CPU.Build.0 = Release|Any CPU
	EndGlobalSection
	GlobalSection(SolutionProperties) = preSolution
		HideSolutionNode = FALSE
	EndGlobalSection
	GlobalSection(ExtensibilityGlobals) = postSolution
		SolutionGuid = {B136EE6E-A48A-4485-B0A9-ADD183C34D79}
	EndGlobalSection
EndGlobal
